// !$*UTF8*$!
{
	archiveVersion = 1;
	classes = {
	};
	objectVersion = 46;
	objects = {

/* Begin PBXBuildFile section */
		F7FC6EF21A342DD1001252AC /* main.m in Sources */ = {isa = PBXBuildFile; fileRef = F7FC6EF11A342DD1001252AC /* main.m */; };
		F7FC6EF51A342DD1001252AC /* AppDelegate.m in Sources */ = {isa = PBXBuildFile; fileRef = F7FC6EF41A342DD1001252AC /* AppDelegate.m */; };
		F7FC6EFB1A342DD1001252AC /* Main.storyboard in Resources */ = {isa = PBXBuildFile; fileRef = F7FC6EF91A342DD1001252AC /* Main.storyboard */; };
		F7FC6EFD1A342DD1001252AC /* Images.xcassets in Resources */ = {isa = PBXBuildFile; fileRef = F7FC6EFC1A342DD1001252AC /* Images.xcassets */; };
		F7FC6F001A342DD1001252AC /* LaunchScreen.xib in Resources */ = {isa = PBXBuildFile; fileRef = F7FC6EFE1A342DD1001252AC /* LaunchScreen.xib */; };
		F7FC6F0C1A342DD1001252AC /* toDoListTests.m in Sources */ = {isa = PBXBuildFile; fileRef = F7FC6F0B1A342DD1001252AC /* toDoListTests.m */; };
		F7FC6F171A342FBB001252AC /* FirstTableTableViewController.m in Sources */ = {isa = PBXBuildFile; fileRef = F7FC6F161A342FBB001252AC /* FirstTableTableViewController.m */; };
/* End PBXBuildFile section */

/* Begin PBXContainerItemProxy section */
		F7FC6F061A342DD1001252AC /* PBXContainerItemProxy */ = {
			isa = PBXContainerItemProxy;
			containerPortal = F7FC6EE41A342DD1001252AC /* Project object */;
			proxyType = 1;
			remoteGlobalIDString = F7FC6EEB1A342DD1001252AC;
			remoteInfo = toDoList;
		};
/* End PBXContainerItemProxy section */

/* Begin PBXFileReference section */
		F7FC6EEC1A342DD1001252AC /* toDoList.app */ = {isa = PBXFileReference; explicitFileType = wrapper.application; includeInIndex = 0; path = toDoList.app; sourceTree = BUILT_PRODUCTS_DIR; };
		F7FC6EF01A342DD1001252AC /* Info.plist */ = {isa = PBXFileReference; lastKnownFileType = text.plist.xml; path = Info.plist; sourceTree = "<group>"; };
		F7FC6EF11A342DD1001252AC /* main.m */ = {isa = PBXFileReference; lastKnownFileType = sourcecode.c.objc; path = main.m; sourceTree = "<group>"; };
		F7FC6EF31A342DD1001252AC /* AppDelegate.h */ = {isa = PBXFileReference; lastKnownFileType = sourcecode.c.h; path = AppDelegate.h; sourceTree = "<group>"; };
		F7FC6EF41A342DD1001252AC /* AppDelegate.m */ = {isa = PBXFileReference; lastKnownFileType = sourcecode.c.objc; path = AppDelegate.m; sourceTree = "<group>"; };
		F7FC6EFA1A342DD1001252AC /* Base */ = {isa = PBXFileReference; lastKnownFileType = file.storyboard; name = Base; path = Base.lproj/Main.storyboard; sourceTree = "<group>"; };
		F7FC6EFC1A342DD1001252AC /* Images.xcassets */ = {isa = PBXFileReference; lastKnownFileType = folder.assetcatalog; path = Images.xcassets; sourceTree = "<group>"; };
		F7FC6EFF1A342DD1001252AC /* Base */ = {isa = PBXFileReference; lastKnownFileType = file.xib; name = Base; path = Base.lproj/LaunchScreen.xib; sourceTree = "<group>"; };
		F7FC6F051A342DD1001252AC /* toDoListTests.xctest */ = {isa = PBXFileReference; explicitFileType = wrapper.cfbundle; includeInIndex = 0; path = toDoListTests.xctest; sourceTree = BUILT_PRODUCTS_DIR; };
		F7FC6F0A1A342DD1001252AC /* Info.plist */ = {isa = PBXFileReference; lastKnownFileType = text.plist.xml; path = Info.plist; sourceTree = "<group>"; };
		F7FC6F0B1A342DD1001252AC /* toDoListTests.m */ = {isa = PBXFileReference; lastKnownFileType = sourcecode.c.objc; path = toDoListTests.m; sourceTree = "<group>"; };
		F7FC6F151A342FBB001252AC /* FirstTableTableViewController.h */ = {isa = PBXFileReference; fileEncoding = 4; lastKnownFileType = sourcecode.c.h; path = FirstTableTableViewController.h; sourceTree = "<group>"; };
		F7FC6F161A342FBB001252AC /* FirstTableTableViewController.m */ = {isa = PBXFileReference; fileEncoding = 4; lastKnownFileType = sourcecode.c.objc; path = FirstTableTableViewController.m; sourceTree = "<group>"; };
/* End PBXFileReference section */

/* Begin PBXFrameworksBuildPhase section */
		F7FC6EE91A342DD1001252AC /* Frameworks */ = {
			isa = PBXFrameworksBuildPhase;
			buildActionMask = 2147483647;
			files = (
			);
			runOnlyForDeploymentPostprocessing = 0;
		};
		F7FC6F021A342DD1001252AC /* Frameworks */ = {
			isa = PBXFrameworksBuildPhase;
			buildActionMask = 2147483647;
			files = (
			);
			runOnlyForDeploymentPostprocessing = 0;
		};
/* End PBXFrameworksBuildPhase section */

/* Begin PBXGroup section */
		F7FC6EE31A342DD1001252AC = {
			isa = PBXGroup;
			children = (
				F7FC6EEE1A342DD1001252AC /* toDoList */,
				F7FC6F081A342DD1001252AC /* toDoListTests */,
				F7FC6EED1A342DD1001252AC /* Products */,
			);
			sourceTree = "<group>";
		};
		F7FC6EED1A342DD1001252AC /* Products */ = {
			isa = PBXGroup;
			children = (
				F7FC6EEC1A342DD1001252AC /* toDoList.app */,
				F7FC6F051A342DD1001252AC /* toDoListTests.xctest */,
			);
			name = Products;
			sourceTree = "<group>";
		};
		F7FC6EEE1A342DD1001252AC /* toDoList */ = {
			isa = PBXGroup;
			children = (
				F7FC6EF31A342DD1001252AC /* AppDelegate.h */,
				F7FC6EF41A342DD1001252AC /* AppDelegate.m */,
				F7FC6F151A342FBB001252AC /* FirstTableTableViewController.h */,
				F7FC6F161A342FBB001252AC /* FirstTableTableViewController.m */,
				F7FC6EF91A342DD1001252AC /* Main.storyboard */,
				F7FC6EFC1A342DD1001252AC /* Images.xcassets */,
				F7FC6EFE1A342DD1001252AC /* LaunchScreen.xib */,
				F7FC6EEF1A342DD1001252AC /* Supporting Files */,
			);
			path = toDoList;
			sourceTree = "<group>";
		};
		F7FC6EEF1A342DD1001252AC /* Supporting Files */ = {
			isa = PBXGroup;
			children = (
				F7FC6EF01A342DD1001252AC /* Info.plist */,
				F7FC6EF11A342DD1001252AC /* main.m */,
			);
			name = "Supporting Files";
			sourceTree = "<group>";
		};
		F7FC6F081A342DD1001252AC /* toDoListTests */ = {
			isa = PBXGroup;
			children = (
				F7FC6F0B1A342DD1001252AC /* toDoListTests.m */,
				F7FC6F091A342DD1001252AC /* Supporting Files */,
			);
			path = toDoListTests;
			sourceTree = "<group>";
		};
		F7FC6F091A342DD1001252AC /* Supporting Files */ = {
			isa = PBXGroup;
			children = (
				F7FC6F0A1A342DD1001252AC /* Info.plist */,
			);
			name = "Supporting Files";
			sourceTree = "<group>";
		};
/* End PBXGroup section */

/* Begin PBXNativeTarget section */
		F7FC6EEB1A342DD1001252AC /* toDoList */ = {
			isa = PBXNativeTarget;
			buildConfigurationList = F7FC6F0F1A342DD1001252AC /* Build configuration list for PBXNativeTarget "toDoList" */;
			buildPhases = (
				F7FC6EE81A342DD1001252AC /* Sources */,
				F7FC6EE91A342DD1001252AC /* Frameworks */,
				F7FC6EEA1A342DD1001252AC /* Resources */,
			);
			buildRules = (
			);
			dependencies = (
			);
			name = toDoList;
			productName = toDoList;
			productReference = F7FC6EEC1A342DD1001252AC /* toDoList.app */;
			productType = "com.apple.product-type.application";
		};
		F7FC6F041A342DD1001252AC /* toDoListTests */ = {
			isa = PBXNativeTarget;
			buildConfigurationList = F7FC6F121A342DD1001252AC /* Build configuration list for PBXNativeTarget "toDoListTests" */;
			buildPhases = (
				F7FC6F011A342DD1001252AC /* Sources */,
				F7FC6F021A342DD1001252AC /* Frameworks */,
				F7FC6F031A342DD1001252AC /* Resources */,
			);
			buildRules = (
			);
			dependencies = (
				F7FC6F071A342DD1001252AC /* PBXTargetDependency */,
			);
			name = toDoListTests;
			productName = toDoListTests;
			productReference = F7FC6F051A342DD1001252AC /* toDoListTests.xctest */;
			productType = "com.apple.product-type.bundle.unit-test";
		};
/* End PBXNativeTarget section */

/* Begin PBXProject section */
		F7FC6EE41A342DD1001252AC /* Project object */ = {
			isa = PBXProject;
			attributes = {
				LastUpgradeCheck = 0610;
				ORGANIZATIONNAME = i3Tech;
				TargetAttributes = {
					F7FC6EEB1A342DD1001252AC = {
						CreatedOnToolsVersion = 6.1.1;
					};
					F7FC6F041A342DD1001252AC = {
						CreatedOnToolsVersion = 6.1.1;
						TestTargetID = F7FC6EEB1A342DD1001252AC;
					};
				};
			};
			buildConfigurationList = F7FC6EE71A342DD1001252AC /* Build configuration list for PBXProject "toDoList" */;
			compatibilityVersion = "Xcode 3.2";
			developmentRegion = English;
			hasScannedForEncodings = 0;
			knownRegions = (
				en,
				Base,
			);
			mainGroup = F7FC6EE31A342DD1001252AC;
			productRefGroup = F7FC6EED1A342DD1001252AC /* Products */;
			projectDirPath = "";
			projectRoot = "";
			targets = (
				F7FC6EEB1A342DD1001252AC /* toDoList */,
				F7FC6F041A342DD1001252AC /* toDoListTests */,
			);
		};
/* End PBXProject section */

/* Begin PBXResourcesBuildPhase section */
		F7FC6EEA1A342DD1001252AC /* Resources */ = {
			isa = PBXResourcesBuildPhase;
			buildActionMask = 2147483647;
			files = (
				F7FC6EFB1A342DD1001252AC /* Main.storyboard in Resources */,
				F7FC6F001A342DD1001252AC /* LaunchScreen.xib in Resources */,
				F7FC6EFD1A342DD1001252AC /* Images.xcassets in Resources */,
			);
			runOnlyForDeploymentPostprocessing = 0;
		};
		F7FC6F031A342DD1001252AC /* Resources */ = {
			isa = PBXResourcesBuildPhase;
			buildActionMask = 2147483647;
			files = (
			);
			runOnlyForDeploymentPostprocessing = 0;
		};
/* End PBXResourcesBuildPhase section */

/* Begin PBXSourcesBuildPhase section */
		F7FC6EE81A342DD1001252AC /* Sources */ = {
			isa = PBXSourcesBuildPhase;
			buildActionMask = 2147483647;
			files = (
				F7FC6EF51A342DD1001252AC /* AppDelegate.m in Sources */,
				F7FC6EF21A342DD1001252AC /* main.m in Sources */,
				F7FC6F171A342FBB001252AC /* FirstTableTableViewController.m in Sources */,
			);
			runOnlyForDeploymentPostprocessing = 0;
		};
		F7FC6F011A342DD1001252AC /* Sources */ = {
			isa = PBXSourcesBuildPhase;
			buildActionMask = 2147483647;
			files = (
				F7FC6F0C1A342DD1001252AC /* toDoListTests.m in Sources */,
			);
			runOnlyForDeploymentPostprocessing = 0;
		};
/* End PBXSourcesBuildPhase section */

/* Begin PBXTargetDependency section */
		F7FC6F071A342DD1001252AC /* PBXTargetDependency */ = {
			isa = PBXTargetDependency;
			target = F7FC6EEB1A342DD1001252AC /* toDoList */;
			targetProxy = F7FC6F061A342DD1001252AC /* PBXContainerItemProxy */;
		};
/* End PBXTargetDependency section */

/* Begin PBXVariantGroup section */
		F7FC6EF91A342DD1001252AC /* Main.storyboard */ = {
			isa = PBXVariantGroup;
			children = (
				F7FC6EFA1A342DD1001252AC /* Base */,
			);
			name = Main.storyboard;
			sourceTree = "<group>";
		};
		F7FC6EFE1A342DD1001252AC /* LaunchScreen.xib */ = {
			isa = PBXVariantGroup;
			children = (
				F7FC6EFF1A342DD1001252AC /* Base */,
			);
			name = LaunchScreen.xib;
			sourceTree = "<group>";
		};
/* End PBXVariantGroup section */

/* Begin XCBuildConfiguration section */
		F7FC6F0D1A342DD1001252AC /* Debug */ = {
			isa = XCBuildConfiguration;
			buildSettings = {
				ALWAYS_SEARCH_USER_PATHS = NO;
				CLANG_CXX_LANGUAGE_STANDARD = "gnu++0x";
				CLANG_CXX_LIBRARY = "libc++";
				CLANG_ENABLE_MODULES = YES;
				CLANG_ENABLE_OBJC_ARC = YES;
				CLANG_WARN_BOOL_CONVERSION = YES;
				CLANG_WARN_CONSTANT_CONVERSION = YES;
				CLANG_WARN_DIRECT_OBJC_ISA_USAGE = YES_ERROR;
				CLANG_WARN_EMPTY_BODY = YES;
				CLANG_WARN_ENUM_CONVERSION = YES;
				CLANG_WARN_INT_CONVERSION = YES;
				CLANG_WARN_OBJC_ROOT_CLASS = YES_ERROR;
				CLANG_WARN_UNREACHABLE_CODE = YES;
				CLANG_WARN__DUPLICATE_METHOD_MATCH = YES;
				"CODE_SIGN_IDENTITY[sdk=iphoneos*]" = "iPhone Developer";
				COPY_PHASE_STRIP = NO;
				ENABLE_STRICT_OBJC_MSGSEND = YES;
				GCC_C_LANGUAGE_STANDARD = gnu99;
				GCC_DYNAMIC_NO_PIC = NO;
				GCC_OPTIMIZATION_LEVEL = 0;
				GCC_PREPROCESSOR_DEFINITIONS = (
					"DEBUG=1",
					"$(inherited)",
				);
				GCC_SYMBOLS_PRIVATE_EXTERN = NO;
				GCC_WARN_64_TO_32_BIT_CONVERSION = YES;
				GCC_WARN_ABOUT_RETURN_TYPE = YES_ERROR;
				GCC_WARN_UNDECLARED_SELECTOR = YES;
				GCC_WARN_UNINITIALIZED_AUTOS = YES_AGGRESSIVE;
				GCC_WARN_UNUSED_FUNCTION = YES;
				GCC_WARN_UNUSED_VARIABLE = YES;
				IPHONEOS_DEPLOYMENT_TARGET = 8.1;
				MTL_ENABLE_DEBUG_INFO = YES;
				ONLY_ACTIVE_ARCH = YES;
				SDKROOT = iphoneos;
				TARGETED_DEVICE_FAMILY = "1,2";
			};
			name = Debug;
		};
		F7FC6F0E1A342DD1001252AC /* Release */ = {
			isa = XCBuildConfiguration;
			buildSettings = {
				ALWAYS_SEARCH_USER_PATHS = NO;
				CLANG_CXX_LANGUAGE_STANDARD = "gnu++0x";
				CLANG_CXX_LIBRARY = "libc++";
				CLANG_ENABLE_MODULES = YES;
				CLANG_ENABLE_OBJC_ARC = YES;
				CLANG_WARN_BOOL_CONVERSION = YES;
				CLANG_WARN_CONSTANT_CONVERSION = YES;
				CLANG_WARN_DIRECT_OBJC_ISA_USAGE = YES_ERROR;
				CLANG_WARN_EMPTY_BODY = YES;
				CLANG_WARN_ENUM_CONVERSION = YES;
				CLANG_WARN_INT_CONVERSION = YES;
				CLANG_WARN_OBJC_ROOT_CLASS = YES_ERROR;
				CLANG_WARN_UNREACHABLE_CODE = YES;
				CLANG_WARN__DUPLICATE_METHOD_MATCH = YES;
				"CODE_SIGN_IDENTITY[sdk=iphoneos*]" = "iPhone Developer";
				COPY_PHASE_STRIP = YES;
				ENABLE_NS_ASSERTIONS = NO;
				ENABLE_STRICT_OBJC_MSGSEND = YES;
				GCC_C_LANGUAGE_STANDARD = gnu99;
				GCC_WARN_64_TO_32_BIT_CONVERSION = YES;
				GCC_WARN_ABOUT_RETURN_TYPE = YES_ERROR;
				GCC_WARN_UNDECLARED_SELECTOR = YES;
				GCC_WARN_UNINITIALIZED_AUTOS = YES_AGGRESSIVE;
				GCC_WARN_UNUSED_FUNCTION = YES;
				GCC_WARN_UNUSED_VARIABLE = YES;
				IPHONEOS_DEPLOYMENT_TARGET = 8.1;
				MTL_ENABLE_DEBUG_INFO = NO;
				SDKROOT = iphoneos;
				TARGETED_DEVICE_FAMILY = "1,2";
				VALIDATE_PRODUCT = YES;
			};
			name = Release;
		};
		F7FC6F101A342DD1001252AC /* Debug */ = {
			isa = XCBuildConfiguration;
			buildSettings = {
				ASSETCATALOG_COMPILER_APPICON_NAME = AppIcon;
				INFOPLIST_FILE = toDoList/Info.plist;
				LD_RUNPATH_SEARCH_PATHS = "$(inherited) @executable_path/Frameworks";
				PRODUCT_NAME = "$(TARGET_NAME)";
			};
			name = Debug;
		};
		F7FC6F111A342DD1001252AC /* Release */ = {
			isa = XCBuildConfiguration;
			buildSettings = {
				ASSETCATALOG_COMPILER_APPICON_NAME = AppIcon;
				INFOPLIST_FILE = toDoList/Info.plist;
				LD_RUNPATH_SEARCH_PATHS = "$(inherited) @executable_path/Frameworks";
				PRODUCT_NAME = "$(TARGET_NAME)";
			};
			name = Release;
		};
		F7FC6F131A342DD1001252AC /* Debug */ = {
			isa = XCBuildConfiguration;
			buildSettings = {
				BUNDLE_LOADER = "$(TEST_HOST)";
				FRAMEWORK_SEARCH_PATHS = (
					"$(SDKROOT)/Developer/Library/Frameworks",
					"$(inherited)",
				);
				GCC_PREPROCESSOR_DEFINITIONS = (
					"DEBUG=1",
					"$(inherited)",
				);
				INFOPLIST_FILE = toDoListTests/Info.plist;
				LD_RUNPATH_SEARCH_PATHS = "$(inherited) @executable_path/Frameworks @loader_path/Frameworks";
				PRODUCT_NAME = "$(TARGET_NAME)";
				TEST_HOST = "$(BUILT_PRODUCTS_DIR)/toDoList.app/toDoList";
			};
			name = Debug;
		};
		F7FC6F141A342DD1001252AC /* Release */ = {
			isa = XCBuildConfiguration;
			buildSettings = {
				BUNDLE_LOADER = "$(TEST_HOST)";
				FRAMEWORK_SEARCH_PATHS = (
					"$(SDKROOT)/Developer/Library/Frameworks",
					"$(inherited)",
				);
				INFOPLIST_FILE = toDoListTests/Info.plist;
				LD_RUNPATH_SEARCH_PATHS = "$(inherited) @executable_path/Frameworks @loader_path/Frameworks";
				PRODUCT_NAME = "$(TARGET_NAME)";
				TEST_HOST = "$(BUILT_PRODUCTS_DIR)/toDoList.app/toDoList";
			};
			name = Release;
		};
/* End XCBuildConfiguration section */

/* Begin XCConfigurationList section */
		F7FC6EE71A342DD1001252AC /* Build configuration list for PBXProject "toDoList" */ = {
			isa = XCConfigurationList;
			buildConfigurations = (
				F7FC6F0D1A342DD1001252AC /* Debug */,
				F7FC6F0E1A342DD1001252AC /* Release */,
			);
			defaultConfigurationIsVisible = 0;
			defaultConfigurationName = Release;
		};
		F7FC6F0F1A342DD1001252AC /* Build configuration list for PBXNativeTarget "toDoList" */ = {
			isa = XCConfigurationList;
			buildConfigurations = (
				F7FC6F101A342DD1001252AC /* Debug */,
				F7FC6F111A342DD1001252AC /* Release */,
			);
			defaultConfigurationIsVisible = 0;
		};
		F7FC6F121A342DD1001252AC /* Build configuration list for PBXNativeTarget "toDoListTests" */ = {
			isa = XCConfigurationList;
			buildConfigurations = (
				F7FC6F131A342DD1001252AC /* Debug */,
				F7FC6F141A342DD1001252AC /* Release */,
			);
			defaultConfigurationIsVisible = 0;
		};
/* End XCConfigurationList section */
	};
	rootObject = F7FC6EE41A342DD1001252AC /* Project object */;
}
